
Microsoft Visual Studio Solution File, Format Version 12.00
# Visual Studio Version 17
VisualStudioVersion = 17.3.32825.248
MinimumVisualStudioVersion = 10.0.40219.1
Project("{FAE04EC0-301F-11D3-BF4B-00C04F79EFBC}") = "CST-250-Activity4", "CST-250-Activity4\CST-250-Activity4.csproj", "{9015A29A-0808-45F5-AF05-ED9A3BA58C3C}"
EndProject
Global
	GlobalSection(SolutionConfigurationPlatforms) = preSolution
		Debug|Any CPU = Debug|Any CPU
		Release|Any CPU = Release|Any CPU
	EndGlobalSection
	GlobalSection(ProjectConfigurationPlatforms) = postSolution
		{9015A29A-0808-45F5-AF05-ED9A3BA58C3C}.Debug|Any CPU.ActiveCfg = Debug|Any CPU
		{9015A29A-0808-45F5-AF05-ED9A3BA58C3C}.Debug|Any CPU.Build.0 = Debug|Any CPU
		{9015A29A-0808-45F5-AF05-ED9A3BA58C3C}.Release|Any CPU.ActiveCfg = Release|Any CPU
		{9015A29A-0808-45F5-AF05-ED9A3BA58C3C}.Release|Any CPU.Build.0 = Release|Any CPU
	EndGlobalSection
	GlobalSection(SolutionProperties) = preSolution
		HideSolutionNode = FALSE
	EndGlobalSection
	GlobalSection(ExtensibilityGlobals) = postSolution
		SolutionGuid = {E424B8D9-43CD-43BD-8799-7BD02E9C4901}
	EndGlobalSection
EndGlobal
